
Microsoft Visual Studio Solution File, Format Version 12.00
# Visual Studio Version 17
VisualStudioVersion = 17.9.34607.119
MinimumVisualStudioVersion = 10.0.40219.1
Project("{FAE04EC0-301F-11D3-BF4B-00C04F79EFBC}") = "WindowsFormsApp1", "WindowsFormsApp1\WindowsFormsApp1.csproj", "{4829B6B1-95FE-4F2F-BBB8-FADEA8B699A3}"
EndProject
Global
	GlobalSection(SolutionConfigurationPlatforms) = preSolution
		Debug|Any CPU = Debug|Any CPU
		Release|Any CPU = Release|Any CPU
	EndGlobalSection
	GlobalSection(ProjectConfigurationPlatforms) = postSolution
		{4829B6B1-95FE-4F2F-BBB8-FADEA8B699A3}.Debug|Any CPU.ActiveCfg = Debug|Any CPU
		{4829B6B1-95FE-4F2F-BBB8-FADEA8B699A3}.Debug|Any CPU.Build.0 = Debug|Any CPU
		{4829B6B1-95FE-4F2F-BBB8-FADEA8B699A3}.Release|Any CPU.ActiveCfg = Release|Any CPU
		{4829B6B1-95FE-4F2F-BBB8-FADEA8B699A3}.Release|Any CPU.Build.0 = Release|Any CPU
	EndGlobalSection
	GlobalSection(SolutionProperties) = preSolution
		HideSolutionNode = FALSE
	EndGlobalSection
	GlobalSection(ExtensibilityGlobals) = postSolution
		SolutionGuid = {7A267111-689C-400E-AEDB-1F6DEF257A40}
	EndGlobalSection
EndGlobal
